# This file is autogenerated, do not edit; changes may be undone by the next 'dep ensure'.


[[projects]]
  branch = "master"
  name = "github.com/go-chat-bot/bot"
  packages = [".","slack"]
  revision = "b4a369ff3871115fd2c84ff003a23355819b50cf"

[[projects]]
  branch = "master"
  name = "github.com/go-chat-bot/plugins"
  packages = ["catgif"]
  revision = "5940ea443416584b78b8a1e4aa66d912b547c25b"

[[projects]]
  name = "github.com/mattn/go-shellwords"
  packages = ["."]
  revision = "02e3cf038dcea8290e44424da473dd12be796a8a"
  version = "v1.0.3"

[[projects]]
  name = "github.com/nlopes/slack"
  packages = ["."]
  revision = "c86337c0ef2486a15edd804355d9c73d2f2caed1"
  version = "v0.1.0"

[[projects]]
  name = "github.com/robfig/cron"
  packages = ["."]
  revision = "b024fc5ea0e34bc3f83d9941c8d60b0622bfaca4"
  version = "v1"

[[projects]]
  branch = "master"
  name = "golang.org/x/net"
  packages = ["websocket"]
  revision = "d866cfc389cec985d6fda2859936a575a55a3ab6"

[solve-meta]
  analyzer-name = "dep"
  analyzer-version = 1
  inputs-digest = "f84ad2b8536cc2df1029b61fec821ffdd83d53b16502d71b30dfc8ec46103b16"
  solver-name = "gps-cdcl"
  solver-version = 1
